
Microsoft Visual Studio Solution File, Format Version 12.00
# Visual Studio Version 17
VisualStudioVersion = 17.5.002.0
MinimumVisualStudioVersion = 10.0.40219.1
Project("{9A19103F-16F7-4668-BE54-9A1E7A4F7556}") = "Elastic Beanstalk", "Elastic Beanstalk.csproj", "{CDBD96BC-F864-4B4A-ADEA-7C2772EB899A}"
EndProject
Global
	GlobalSection(SolutionConfigurationPlatforms) = preSolution
		Debug|Any CPU = Debug|Any CPU
		Release|Any CPU = Release|Any CPU
	EndGlobalSection
	GlobalSection(ProjectConfigurationPlatforms) = postSolution
		{CDBD96BC-F864-4B4A-ADEA-7C2772EB899A}.Debug|Any CPU.ActiveCfg = Debug|Any CPU
		{CDBD96BC-F864-4B4A-ADEA-7C2772EB899A}.Debug|Any CPU.Build.0 = Debug|Any CPU
		{CDBD96BC-F864-4B4A-ADEA-7C2772EB899A}.Release|Any CPU.ActiveCfg = Release|Any CPU
		{CDBD96BC-F864-4B4A-ADEA-7C2772EB899A}.Release|Any CPU.Build.0 = Release|Any CPU
	EndGlobalSection
	GlobalSection(SolutionProperties) = preSolution
		HideSolutionNode = FALSE
	EndGlobalSection
	GlobalSection(ExtensibilityGlobals) = postSolution
		SolutionGuid = {60AF0A52-7E42-439B-87B8-D8F3FB5851B8}
	EndGlobalSection
EndGlobal
